Microsoft Visual Studio Solution File, Format Version 12.00
# Visual Studio Version 17
VisualStudioVersion = 17.5.2.0
MinimumVisualStudioVersion = 10.0.40219.1
Project("{FAE04EC0-301F-11D3-BF4B-00C04F79EFBC}") = "InterhapticsOSC", "InterhapticsOSC\InterhapticsOSC.csproj", "{4D53CA4B-3217-83B6-15B5-A30E8C65050D}"
EndProject
Global
	GlobalSection(SolutionConfigurationPlatforms) = preSolution
		Debug|Any CPU = Debug|Any CPU
		Release|Any CPU = Release|Any CPU
	EndGlobalSection
	GlobalSection(ProjectConfigurationPlatforms) = postSolution
		{4D53CA4B-3217-83B6-15B5-A30E8C65050D}.Debug|Any CPU.ActiveCfg = Debug|Any CPU
		{4D53CA4B-3217-83B6-15B5-A30E8C65050D}.Debug|Any CPU.Build.0 = Debug|Any CPU
		{4D53CA4B-3217-83B6-15B5-A30E8C65050D}.Release|Any CPU.ActiveCfg = Release|Any CPU
		{4D53CA4B-3217-83B6-15B5-A30E8C65050D}.Release|Any CPU.Build.0 = Release|Any CPU
	EndGlobalSection
	GlobalSection(SolutionProperties) = preSolution
		HideSolutionNode = FALSE
	EndGlobalSection
	GlobalSection(ExtensibilityGlobals) = postSolution
		SolutionGuid = {10DCEFE2-6BDA-40E8-B25B-76AE0A387016}
	EndGlobalSection
EndGlobal
